
Microsoft Visual Studio Solution File, Format Version 12.00
# Visual Studio Version 16
VisualStudioVersion = 16.0.32002.261
MinimumVisualStudioVersion = 10.0.40219.1
Project("{FAE04EC0-301F-11D3-BF4B-00C04F79EFBC}") = "DevCars.API", "DevCars.API\DevCars.API.csproj", "{A56D2F33-6D87-479C-A14E-AA27D5576139}"
EndProject
Global
	GlobalSection(SolutionConfigurationPlatforms) = preSolution
		Debug|Any CPU = Debug|Any CPU
		Release|Any CPU = Release|Any CPU
	EndGlobalSection
	GlobalSection(ProjectConfigurationPlatforms) = postSolution
		{A56D2F33-6D87-479C-A14E-AA27D5576139}.Debug|Any CPU.ActiveCfg = Debug|Any CPU
		{A56D2F33-6D87-479C-A14E-AA27D5576139}.Debug|Any CPU.Build.0 = Debug|Any CPU
		{A56D2F33-6D87-479C-A14E-AA27D5576139}.Release|Any CPU.ActiveCfg = Release|Any CPU
		{A56D2F33-6D87-479C-A14E-AA27D5576139}.Release|Any CPU.Build.0 = Release|Any CPU
	EndGlobalSection
	GlobalSection(SolutionProperties) = preSolution
		HideSolutionNode = FALSE
	EndGlobalSection
	GlobalSection(ExtensibilityGlobals) = postSolution
		SolutionGuid = {67FF38E8-51DE-49B8-B973-45F0B5D26A1A}
	EndGlobalSection
EndGlobal
